
Microsoft Visual Studio Solution File, Format Version 12.00
# Visual Studio Version 16
VisualStudioVersion = 16.0.31321.278
MinimumVisualStudioVersion = 10.0.40219.1
Project("{FAE04EC0-301F-11D3-BF4B-00C04F79EFBC}") = "MethodsWithLoopsAndConditionals", "MethodsWithLoopsAndConditionals\MethodsWithLoopsAndConditionals.csproj", "{5079E750-CD34-4431-BA56-876FF7691F8F}"
EndProject
Global
	GlobalSection(SolutionConfigurationPlatforms) = preSolution
		Debug|Any CPU = Debug|Any CPU
		Release|Any CPU = Release|Any CPU
	EndGlobalSection
	GlobalSection(ProjectConfigurationPlatforms) = postSolution
		{5079E750-CD34-4431-BA56-876FF7691F8F}.Debug|Any CPU.ActiveCfg = Debug|Any CPU
		{5079E750-CD34-4431-BA56-876FF7691F8F}.Debug|Any CPU.Build.0 = Debug|Any CPU
		{5079E750-CD34-4431-BA56-876FF7691F8F}.Release|Any CPU.ActiveCfg = Release|Any CPU
		{5079E750-CD34-4431-BA56-876FF7691F8F}.Release|Any CPU.Build.0 = Release|Any CPU
	EndGlobalSection
	GlobalSection(SolutionProperties) = preSolution
		HideSolutionNode = FALSE
	EndGlobalSection
	GlobalSection(ExtensibilityGlobals) = postSolution
		SolutionGuid = {9FE34651-0D27-4822-BF1E-1FEAEFAE5CB4}
	EndGlobalSection
EndGlobal
